// !$*UTF8*$!
{
	archiveVersion = 1;
	classes = {
	};
	objectVersion = 56;
	objects = {

/* Begin PBXBuildFile section */
		2304112328DA09C900793D0C /* MonthlyAppApp.swift in Sources */ = {isa = PBXBuildFile; fileRef = 2304112228DA09C900793D0C /* MonthlyAppApp.swift */; };
		2304112528DA09C900793D0C /* ContentView.swift in Sources */ = {isa = PBXBuildFile; fileRef = 2304112428DA09C900793D0C /* ContentView.swift */; };
		2304112728DA09C900793D0C /* Assets.xcassets in Resources */ = {isa = PBXBuildFile; fileRef = 2304112628DA09C900793D0C /* Assets.xcassets */; };
		2304112B28DA09C900793D0C /* Preview Assets.xcassets in Resources */ = {isa = PBXBuildFile; fileRef = 2304112A28DA09C900793D0C /* Preview Assets.xcassets */; };
		2304113828DA0A4E00793D0C /* WidgetKit.framework in Frameworks */ = {isa = PBXBuildFile; fileRef = 2304113728DA0A4E00793D0C /* WidgetKit.framework */; };
		2304113A28DA0A4E00793D0C /* SwiftUI.framework in Frameworks */ = {isa = PBXBuildFile; fileRef = 2304113928DA0A4E00793D0C /* SwiftUI.framework */; };
		2304113D28DA0A4E00793D0C /* MonthlyAppWidget.swift in Sources */ = {isa = PBXBuildFile; fileRef = 2304113C28DA0A4E00793D0C /* MonthlyAppWidget.swift */; };
		2304113F28DA0A5100793D0C /* Assets.xcassets in Resources */ = {isa = PBXBuildFile; fileRef = 2304113E28DA0A5100793D0C /* Assets.xcassets */; };
		2304114328DA0A5100793D0C /* MonthlyAppWidgetExtension.appex in Embed Foundation Extensions */ = {isa = PBXBuildFile; fileRef = 2304113528DA0A4E00793D0C /* MonthlyAppWidgetExtension.appex */; settings = {ATTRIBUTES = (RemoveHeadersOnCopy, ); }; };
		2304114B28DA0D7100793D0C /* MonthConfig.swift in Sources */ = {isa = PBXBuildFile; fileRef = 2304114A28DA0D7100793D0C /* MonthConfig.swift */; };
		2304114D28DA0EFB00793D0C /* Colors+Ext.swift in Sources */ = {isa = PBXBuildFile; fileRef = 2304114C28DA0EFB00793D0C /* Colors+Ext.swift */; };
/* End PBXBuildFile section */

/* Begin PBXContainerItemProxy section */
		2304114128DA0A5100793D0C /* PBXContainerItemProxy */ = {
			isa = PBXContainerItemProxy;
			containerPortal = 2304111728DA09C800793D0C /* Project object */;
			proxyType = 1;
			remoteGlobalIDString = 2304113428DA0A4E00793D0C;
			remoteInfo = MonthlyAppWidgetExtension;
		};
/* End PBXContainerItemProxy section */

/* Begin PBXCopyFilesBuildPhase section */
		2304114728DA0A5100793D0C /* Embed Foundation Extensions */ = {
			isa = PBXCopyFilesBuildPhase;
			buildActionMask = 2147483647;
			dstPath = "";
			dstSubfolderSpec = 13;
			files = (
				2304114328DA0A5100793D0C /* MonthlyAppWidgetExtension.appex in Embed Foundation Extensions */,
			);
			name = "Embed Foundation Extensions";
			runOnlyForDeploymentPostprocessing = 0;
		};
/* End PBXCopyFilesBuildPhase section */

/* Begin PBXFileReference section */
		2304111F28DA09C900793D0C /* MonthlyApp.app */ = {isa = PBXFileReference; explicitFileType = wrapper.application; includeInIndex = 0; path = MonthlyApp.app; sourceTree = BUILT_PRODUCTS_DIR; };
		2304112228DA09C900793D0C /* MonthlyAppApp.swift */ = {isa = PBXFileReference; lastKnownFileType = sourcecode.swift; path = MonthlyAppApp.swift; sourceTree = "<group>"; };
		2304112428DA09C900793D0C /* ContentView.swift */ = {isa = PBXFileReference; lastKnownFileType = sourcecode.swift; path = ContentView.swift; sourceTree = "<group>"; };
		2304112628DA09C900793D0C /* Assets.xcassets */ = {isa = PBXFileReference; lastKnownFileType = folder.assetcatalog; path = Assets.xcassets; sourceTree = "<group>"; };
		2304112828DA09C900793D0C /* MonthlyApp.entitlements */ = {isa = PBXFileReference; lastKnownFileType = text.plist.entitlements; path = MonthlyApp.entitlements; sourceTree = "<group>"; };
		2304112A28DA09C900793D0C /* Preview Assets.xcassets */ = {isa = PBXFileReference; lastKnownFileType = folder.assetcatalog; path = "Preview Assets.xcassets"; sourceTree = "<group>"; };
		2304113528DA0A4E00793D0C /* MonthlyAppWidgetExtension.appex */ = {isa = PBXFileReference; explicitFileType = "wrapper.app-extension"; includeInIndex = 0; path = MonthlyAppWidgetExtension.appex; sourceTree = BUILT_PRODUCTS_DIR; };
		2304113728DA0A4E00793D0C /* WidgetKit.framework */ = {isa = PBXFileReference; lastKnownFileType = wrapper.framework; name = WidgetKit.framework; path = System/Library/Frameworks/WidgetKit.framework; sourceTree = SDKROOT; };
		2304113928DA0A4E00793D0C /* SwiftUI.framework */ = {isa = PBXFileReference; lastKnownFileType = wrapper.framework; name = SwiftUI.framework; path = System/Library/Frameworks/SwiftUI.framework; sourceTree = SDKROOT; };
		2304113C28DA0A4E00793D0C /* MonthlyAppWidget.swift */ = {isa = PBXFileReference; lastKnownFileType = sourcecode.swift; path = MonthlyAppWidget.swift; sourceTree = "<group>"; };
		2304113E28DA0A5100793D0C /* Assets.xcassets */ = {isa = PBXFileReference; lastKnownFileType = folder.assetcatalog; path = Assets.xcassets; sourceTree = "<group>"; };
		2304114028DA0A5100793D0C /* Info.plist */ = {isa = PBXFileReference; lastKnownFileType = text.plist.xml; path = Info.plist; sourceTree = "<group>"; };
		2304114A28DA0D7100793D0C /* MonthConfig.swift */ = {isa = PBXFileReference; lastKnownFileType = sourcecode.swift; path = MonthConfig.swift; sourceTree = "<group>"; };
		2304114C28DA0EFB00793D0C /* Colors+Ext.swift */ = {isa = PBXFileReference; lastKnownFileType = sourcecode.swift; path = "Colors+Ext.swift"; sourceTree = "<group>"; };
/* End PBXFileReference section */

/* Begin PBXFrameworksBuildPhase section */
		2304111C28DA09C800793D0C /* Frameworks */ = {
			isa = PBXFrameworksBuildPhase;
			buildActionMask = 2147483647;
			files = (
			);
			runOnlyForDeploymentPostprocessing = 0;
		};
		2304113228DA0A4E00793D0C /* Frameworks */ = {
			isa = PBXFrameworksBuildPhase;
			buildActionMask = 2147483647;
			files = (
				2304113A28DA0A4E00793D0C /* SwiftUI.framework in Frameworks */,
				2304113828DA0A4E00793D0C /* WidgetKit.framework in Frameworks */,
			);
			runOnlyForDeploymentPostprocessing = 0;
		};
/* End PBXFrameworksBuildPhase section */

/* Begin PBXGroup section */
		2304111628DA09C800793D0C = {
			isa = PBXGroup;
			children = (
				2304112128DA09C900793D0C /* MonthlyApp */,
				2304113B28DA0A4E00793D0C /* MonthlyAppWidget */,
				2304113628DA0A4E00793D0C /* Frameworks */,
				2304112028DA09C900793D0C /* Products */,
			);
			sourceTree = "<group>";
		};
		2304112028DA09C900793D0C /* Products */ = {
			isa = PBXGroup;
			children = (
				2304111F28DA09C900793D0C /* MonthlyApp.app */,
				2304113528DA0A4E00793D0C /* MonthlyAppWidgetExtension.appex */,
			);
			name = Products;
			sourceTree = "<group>";
		};
		2304112128DA09C900793D0C /* MonthlyApp */ = {
			isa = PBXGroup;
			children = (
				2304112228DA09C900793D0C /* MonthlyAppApp.swift */,
				2304112428DA09C900793D0C /* ContentView.swift */,
				2304112628DA09C900793D0C /* Assets.xcassets */,
				2304112828DA09C900793D0C /* MonthlyApp.entitlements */,
				2304112928DA09C900793D0C /* Preview Content */,
			);
			path = MonthlyApp;
			sourceTree = "<group>";
		};
		2304112928DA09C900793D0C /* Preview Content */ = {
			isa = PBXGroup;
			children = (
				2304112A28DA09C900793D0C /* Preview Assets.xcassets */,
			);
			path = "Preview Content";
			sourceTree = "<group>";
		};
		2304113628DA0A4E00793D0C /* Frameworks */ = {
			isa = PBXGroup;
			children = (
				2304113728DA0A4E00793D0C /* WidgetKit.framework */,
				2304113928DA0A4E00793D0C /* SwiftUI.framework */,
			);
			name = Frameworks;
			sourceTree = "<group>";
		};
		2304113B28DA0A4E00793D0C /* MonthlyAppWidget */ = {
			isa = PBXGroup;
			children = (
				2304113C28DA0A4E00793D0C /* MonthlyAppWidget.swift */,
				2304114A28DA0D7100793D0C /* MonthConfig.swift */,
				2304114C28DA0EFB00793D0C /* Colors+Ext.swift */,
				2304113E28DA0A5100793D0C /* Assets.xcassets */,
				2304114028DA0A5100793D0C /* Info.plist */,
			);
			path = MonthlyAppWidget;
			sourceTree = "<group>";
		};
/* End PBXGroup section */

/* Begin PBXNativeTarget section */
		2304111E28DA09C800793D0C /* MonthlyApp */ = {
			isa = PBXNativeTarget;
			buildConfigurationList = 2304112E28DA09C900793D0C /* Build configuration list for PBXNativeTarget "MonthlyApp" */;
			buildPhases = (
				2304111B28DA09C800793D0C /* Sources */,
				2304111C28DA09C800793D0C /* Frameworks */,
				2304111D28DA09C800793D0C /* Resources */,
				2304114728DA0A5100793D0C /* Embed Foundation Extensions */,
			);
			buildRules = (
			);
			dependencies = (
				2304114228DA0A5100793D0C /* PBXTargetDependency */,
			);
			name = MonthlyApp;
			productName = MonthlyApp;
			productReference = 2304111F28DA09C900793D0C /* MonthlyApp.app */;
			productType = "com.apple.product-type.application";
		};
		2304113428DA0A4E00793D0C /* MonthlyAppWidgetExtension */ = {
			isa = PBXNativeTarget;
			buildConfigurationList = 2304114428DA0A5100793D0C /* Build configuration list for PBXNativeTarget "MonthlyAppWidgetExtension" */;
			buildPhases = (
				2304113128DA0A4E00793D0C /* Sources */,
				2304113228DA0A4E00793D0C /* Frameworks */,
				2304113328DA0A4E00793D0C /* Resources */,
			);
			buildRules = (
			);
			dependencies = (
			);
			name = MonthlyAppWidgetExtension;
			productName = MonthlyAppWidgetExtension;
			productReference = 2304113528DA0A4E00793D0C /* MonthlyAppWidgetExtension.appex */;
			productType = "com.apple.product-type.app-extension";
		};
/* End PBXNativeTarget section */

/* Begin PBXProject section */
		2304111728DA09C800793D0C /* Project object */ = {
			isa = PBXProject;
			attributes = {
				BuildIndependentTargetsInParallel = 1;
				LastSwiftUpdateCheck = 1400;
				LastUpgradeCheck = 1400;
				TargetAttributes = {
					2304111E28DA09C800793D0C = {
						CreatedOnToolsVersion = 14.0.1;
					};
					2304113428DA0A4E00793D0C = {
						CreatedOnToolsVersion = 14.0.1;
					};
				};
			};
			buildConfigurationList = 2304111A28DA09C800793D0C /* Build configuration list for PBXProject "MonthlyApp" */;
			compatibilityVersion = "Xcode 14.0";
			developmentRegion = en;
			hasScannedForEncodings = 0;
			knownRegions = (
				en,
				Base,
			);
			mainGroup = 2304111628DA09C800793D0C;
			productRefGroup = 2304112028DA09C900793D0C /* Products */;
			projectDirPath = "";
			projectRoot = "";
			targets = (
				2304111E28DA09C800793D0C /* MonthlyApp */,
				2304113428DA0A4E00793D0C /* MonthlyAppWidgetExtension */,
			);
		};
/* End PBXProject section */

/* Begin PBXResourcesBuildPhase section */
		2304111D28DA09C800793D0C /* Resources */ = {
			isa = PBXResourcesBuildPhase;
			buildActionMask = 2147483647;
			files = (
				2304112B28DA09C900793D0C /* Preview Assets.xcassets in Resources */,
				2304112728DA09C900793D0C /* Assets.xcassets in Resources */,
			);
			runOnlyForDeploymentPostprocessing = 0;
		};
		2304113328DA0A4E00793D0C /* Resources */ = {
			isa = PBXResourcesBuildPhase;
			buildActionMask = 2147483647;
			files = (
				2304113F28DA0A5100793D0C /* Assets.xcassets in Resources */,
			);
			runOnlyForDeploymentPostprocessing = 0;
		};
/* End PBXResourcesBuildPhase section */

/* Begin PBXSourcesBuildPhase section */
		2304111B28DA09C800793D0C /* Sources */ = {
			isa = PBXSourcesBuildPhase;
			buildActionMask = 2147483647;
			files = (
				2304112528DA09C900793D0C /* ContentView.swift in Sources */,
				2304112328DA09C900793D0C /* MonthlyAppApp.swift in Sources */,
			);
			runOnlyForDeploymentPostprocessing = 0;
		};
		2304113128DA0A4E00793D0C /* Sources */ = {
			isa = PBXSourcesBuildPhase;
			buildActionMask = 2147483647;
			files = (
				2304114B28DA0D7100793D0C /* MonthConfig.swift in Sources */,
				2304113D28DA0A4E00793D0C /* MonthlyAppWidget.swift in Sources */,
				2304114D28DA0EFB00793D0C /* Colors+Ext.swift in Sources */,
			);
			runOnlyForDeploymentPostprocessing = 0;
		};
/* End PBXSourcesBuildPhase section */

/* Begin PBXTargetDependency section */
		2304114228DA0A5100793D0C /* PBXTargetDependency */ = {
			isa = PBXTargetDependency;
			target = 2304113428DA0A4E00793D0C /* MonthlyAppWidgetExtension */;
			targetProxy = 2304114128DA0A5100793D0C /* PBXContainerItemProxy */;
		};
/* End PBXTargetDependency section */

/* Begin XCBuildConfiguration section */
		2304112C28DA09C900793D0C /* Debug */ = {
			isa = XCBuildConfiguration;
			buildSettings = {
				ALWAYS_SEARCH_USER_PATHS = NO;
				CLANG_ANALYZER_NONNULL = YES;
				CLANG_ANALYZER_NUMBER_OBJECT_CONVERSION = YES_AGGRESSIVE;
				CLANG_CXX_LANGUAGE_STANDARD = "gnu++20";
				CLANG_ENABLE_MODULES = YES;
				CLANG_ENABLE_OBJC_ARC = YES;
				CLANG_ENABLE_OBJC_WEAK = YES;
				CLANG_WARN_BLOCK_CAPTURE_AUTORELEASING = YES;
				CLANG_WARN_BOOL_CONVERSION = YES;
				CLANG_WARN_COMMA = YES;
				CLANG_WARN_CONSTANT_CONVERSION = YES;
				CLANG_WARN_DEPRECATED_OBJC_IMPLEMENTATIONS = YES;
				CLANG_WARN_DIRECT_OBJC_ISA_USAGE = YES_ERROR;
				CLANG_WARN_DOCUMENTATION_COMMENTS = YES;
				CLANG_WARN_EMPTY_BODY = YES;
				CLANG_WARN_ENUM_CONVERSION = YES;
				CLANG_WARN_INFINITE_RECURSION = YES;
				CLANG_WARN_INT_CONVERSION = YES;
				CLANG_WARN_NON_LITERAL_NULL_CONVERSION = YES;
				CLANG_WARN_OBJC_IMPLICIT_RETAIN_SELF = YES;
				CLANG_WARN_OBJC_LITERAL_CONVERSION = YES;
				CLANG_WARN_OBJC_ROOT_CLASS = YES_ERROR;
				CLANG_WARN_QUOTED_INCLUDE_IN_FRAMEWORK_HEADER = YES;
				CLANG_WARN_RANGE_LOOP_ANALYSIS = YES;
				CLANG_WARN_STRICT_PROTOTYPES = YES;
				CLANG_WARN_SUSPICIOUS_MOVE = YES;
				CLANG_WARN_UNGUARDED_AVAILABILITY = YES_AGGRESSIVE;
				CLANG_WARN_UNREACHABLE_CODE = YES;
				CLANG_WARN__DUPLICATE_METHOD_MATCH = YES;
				COPY_PHASE_STRIP = NO;
				DEBUG_INFORMATION_FORMAT = dwarf;
				ENABLE_STRICT_OBJC_MSGSEND = YES;
				ENABLE_TESTABILITY = YES;
				GCC_C_LANGUAGE_STANDARD = gnu11;
				GCC_DYNAMIC_NO_PIC = NO;
				GCC_NO_COMMON_BLOCKS = YES;
				GCC_OPTIMIZATION_LEVEL = 0;
				GCC_PREPROCESSOR_DEFINITIONS = (
					"DEBUG=1",
					"$(inherited)",
				);
				GCC_WARN_64_TO_32_BIT_CONVERSION = YES;
				GCC_WARN_ABOUT_RETURN_TYPE = YES_ERROR;
				GCC_WARN_UNDECLARED_SELECTOR = YES;
				GCC_WARN_UNINITIALIZED_AUTOS = YES_AGGRESSIVE;
				GCC_WARN_UNUSED_FUNCTION = YES;
				GCC_WARN_UNUSED_VARIABLE = YES;
				MTL_ENABLE_DEBUG_INFO = INCLUDE_SOURCE;
				MTL_FAST_MATH = YES;
				ONLY_ACTIVE_ARCH = YES;
				SWIFT_ACTIVE_COMPILATION_CONDITIONS = DEBUG;
				SWIFT_OPTIMIZATION_LEVEL = "-Onone";
			};
			name = Debug;
		};
		2304112D28DA09C900793D0C /* Release */ = {
			isa = XCBuildConfiguration;
			buildSettings = {
				ALWAYS_SEARCH_USER_PATHS = NO;
				CLANG_ANALYZER_NONNULL = YES;
				CLANG_ANALYZER_NUMBER_OBJECT_CONVERSION = YES_AGGRESSIVE;
				CLANG_CXX_LANGUAGE_STANDARD = "gnu++20";
				CLANG_ENABLE_MODULES = YES;
				CLANG_ENABLE_OBJC_ARC = YES;
				CLANG_ENABLE_OBJC_WEAK = YES;
				CLANG_WARN_BLOCK_CAPTURE_AUTORELEASING = YES;
				CLANG_WARN_BOOL_CONVERSION = YES;
				CLANG_WARN_COMMA = YES;
				CLANG_WARN_CONSTANT_CONVERSION = YES;
				CLANG_WARN_DEPRECATED_OBJC_IMPLEMENTATIONS = YES;
				CLANG_WARN_DIRECT_OBJC_ISA_USAGE = YES_ERROR;
				CLANG_WARN_DOCUMENTATION_COMMENTS = YES;
				CLANG_WARN_EMPTY_BODY = YES;
				CLANG_WARN_ENUM_CONVERSION = YES;
				CLANG_WARN_INFINITE_RECURSION = YES;
				CLANG_WARN_INT_CONVERSION = YES;
				CLANG_WARN_NON_LITERAL_NULL_CONVERSION = YES;
				CLANG_WARN_OBJC_IMPLICIT_RETAIN_SELF = YES;
				CLANG_WARN_OBJC_LITERAL_CONVERSION = YES;
				CLANG_WARN_OBJC_ROOT_CLASS = YES_ERROR;
				CLANG_WARN_QUOTED_INCLUDE_IN_FRAMEWORK_HEADER = YES;
				CLANG_WARN_RANGE_LOOP_ANALYSIS = YES;
				CLANG_WARN_STRICT_PROTOTYPES = YES;
				CLANG_WARN_SUSPICIOUS_MOVE = YES;
				CLANG_WARN_UNGUARDED_AVAILABILITY = YES_AGGRESSIVE;
				CLANG_WARN_UNREACHABLE_CODE = YES;
				CLANG_WARN__DUPLICATE_METHOD_MATCH = YES;
				COPY_PHASE_STRIP = NO;
				DEBUG_INFORMATION_FORMAT = "dwarf-with-dsym";
				ENABLE_NS_ASSERTIONS = NO;
				ENABLE_STRICT_OBJC_MSGSEND = YES;
				GCC_C_LANGUAGE_STANDARD = gnu11;
				GCC_NO_COMMON_BLOCKS = YES;
				GCC_WARN_64_TO_32_BIT_CONVERSION = YES;
				GCC_WARN_ABOUT_RETURN_TYPE = YES_ERROR;
				GCC_WARN_UNDECLARED_SELECTOR = YES;
				GCC_WARN_UNINITIALIZED_AUTOS = YES_AGGRESSIVE;
				GCC_WARN_UNUSED_FUNCTION = YES;
				GCC_WARN_UNUSED_VARIABLE = YES;
				MTL_ENABLE_DEBUG_INFO = NO;
				MTL_FAST_MATH = YES;
				SWIFT_COMPILATION_MODE = wholemodule;
				SWIFT_OPTIMIZATION_LEVEL = "-O";
			};
			name = Release;
		};
		2304112F28DA09C900793D0C /* Debug */ = {
			isa = XCBuildConfiguration;
			buildSettings = {
				ALWAYS_EMBED_SWIFT_STANDARD_LIBRARIES = YES;
				ASSETCATALOG_COMPILER_APPICON_NAME = AppIcon;
				ASSETCATALOG_COMPILER_GLOBAL_ACCENT_COLOR_NAME = AccentColor;
				CODE_SIGN_ENTITLEMENTS = MonthlyApp/MonthlyApp.entitlements;
				CODE_SIGN_STYLE = Automatic;
				CURRENT_PROJECT_VERSION = 1;
				DEVELOPMENT_ASSET_PATHS = "\"MonthlyApp/Preview Content\"";
				DEVELOPMENT_TEAM = 62693BZN4B;
				ENABLE_HARDENED_RUNTIME = YES;
				ENABLE_PREVIEWS = YES;
				GENERATE_INFOPLIST_FILE = YES;
				"INFOPLIST_KEY_UIApplicationSceneManifest_Generation[sdk=iphoneos*]" = YES;
				"INFOPLIST_KEY_UIApplicationSceneManifest_Generation[sdk=iphonesimulator*]" = YES;
				"INFOPLIST_KEY_UIApplicationSupportsIndirectInputEvents[sdk=iphoneos*]" = YES;
				"INFOPLIST_KEY_UIApplicationSupportsIndirectInputEvents[sdk=iphonesimulator*]" = YES;
				"INFOPLIST_KEY_UILaunchScreen_Generation[sdk=iphoneos*]" = YES;
				"INFOPLIST_KEY_UILaunchScreen_Generation[sdk=iphonesimulator*]" = YES;
				"INFOPLIST_KEY_UIStatusBarStyle[sdk=iphoneos*]" = UIStatusBarStyleDefault;
				"INFOPLIST_KEY_UIStatusBarStyle[sdk=iphonesimulator*]" = UIStatusBarStyleDefault;
				INFOPLIST_KEY_UISupportedInterfaceOrientations_iPad = "UIInterfaceOrientationPortrait UIInterfaceOrientationPortraitUpsideDown UIInterfaceOrientationLandscapeLeft UIInterfaceOrientationLandscapeRight";
				INFOPLIST_KEY_UISupportedInterfaceOrientations_iPhone = "UIInterfaceOrientationPortrait UIInterfaceOrientationLandscapeLeft UIInterfaceOrientationLandscapeRight";
				IPHONEOS_DEPLOYMENT_TARGET = 16.0;
				LD_RUNPATH_SEARCH_PATHS = "@executable_path/Frameworks";
				"LD_RUNPATH_SEARCH_PATHS[sdk=macosx*]" = "@executable_path/../Frameworks";
				MACOSX_DEPLOYMENT_TARGET = 12.3;
				MARKETING_VERSION = 1.0;
				PRODUCT_BUNDLE_IDENTIFIER = berkaydisli.MonthlyApp;
				PRODUCT_NAME = "$(TARGET_NAME)";
				SDKROOT = auto;
				SUPPORTED_PLATFORMS = "iphoneos iphonesimulator macosx";
				SWIFT_EMIT_LOC_STRINGS = YES;
				SWIFT_VERSION = 5.0;
				TARGETED_DEVICE_FAMILY = "1,2";
			};
			name = Debug;
		};
		2304113028DA09C900793D0C /* Release */ = {
			isa = XCBuildConfiguration;
			buildSettings = {
				ALWAYS_EMBED_SWIFT_STANDARD_LIBRARIES = YES;
				ASSETCATALOG_COMPILER_APPICON_NAME = AppIcon;
				ASSETCATALOG_COMPILER_GLOBAL_ACCENT_COLOR_NAME = AccentColor;
				CODE_SIGN_ENTITLEMENTS = MonthlyApp/MonthlyApp.entitlements;
				CODE_SIGN_STYLE = Automatic;
				CURRENT_PROJECT_VERSION = 1;
				DEVELOPMENT_ASSET_PATHS = "\"MonthlyApp/Preview Content\"";
				DEVELOPMENT_TEAM = 62693BZN4B;
				ENABLE_HARDENED_RUNTIME = YES;
				ENABLE_PREVIEWS = YES;
				GENERATE_INFOPLIST_FILE = YES;
				"INFOPLIST_KEY_UIApplicationSceneManifest_Generation[sdk=iphoneos*]" = YES;
				"INFOPLIST_KEY_UIApplicationSceneManifest_Generation[sdk=iphonesimulator*]" = YES;
				"INFOPLIST_KEY_UIApplicationSupportsIndirectInputEvents[sdk=iphoneos*]" = YES;
				"INFOPLIST_KEY_UIApplicationSupportsIndirectInputEvents[sdk=iphonesimulator*]" = YES;
				"INFOPLIST_KEY_UILaunchScreen_Generation[sdk=iphoneos*]" = YES;
				"INFOPLIST_KEY_UILaunchScreen_Generation[sdk=iphonesimulator*]" = YES;
				"INFOPLIST_KEY_UIStatusBarStyle[sdk=iphoneos*]" = UIStatusBarStyleDefault;
				"INFOPLIST_KEY_UIStatusBarStyle[sdk=iphonesimulator*]" = UIStatusBarStyleDefault;
				INFOPLIST_KEY_UISupportedInterfaceOrientations_iPad = "UIInterfaceOrientationPortrait UIInterfaceOrientationPortraitUpsideDown UIInterfaceOrientationLandscapeLeft UIInterfaceOrientationLandscapeRight";
				INFOPLIST_KEY_UISupportedInterfaceOrientations_iPhone = "UIInterfaceOrientationPortrait UIInterfaceOrientationLandscapeLeft UIInterfaceOrientationLandscapeRight";
				IPHONEOS_DEPLOYMENT_TARGET = 16.0;
				LD_RUNPATH_SEARCH_PATHS = "@executable_path/Frameworks";
				"LD_RUNPATH_SEARCH_PATHS[sdk=macosx*]" = "@executable_path/../Frameworks";
				MACOSX_DEPLOYMENT_TARGET = 12.3;
				MARKETING_VERSION = 1.0;
				PRODUCT_BUNDLE_IDENTIFIER = berkaydisli.MonthlyApp;
				PRODUCT_NAME = "$(TARGET_NAME)";
				SDKROOT = auto;
				SUPPORTED_PLATFORMS = "iphoneos iphonesimulator macosx";
				SWIFT_EMIT_LOC_STRINGS = YES;
				SWIFT_VERSION = 5.0;
				TARGETED_DEVICE_FAMILY = "1,2";
			};
			name = Release;
		};
		2304114528DA0A5100793D0C /* Debug */ = {
			isa = XCBuildConfiguration;
			buildSettings = {
				ASSETCATALOG_COMPILER_GLOBAL_ACCENT_COLOR_NAME = AccentColor;
				ASSETCATALOG_COMPILER_WIDGET_BACKGROUND_COLOR_NAME = WidgetBackground;
				CODE_SIGN_STYLE = Automatic;
				CURRENT_PROJECT_VERSION = 1;
				DEVELOPMENT_TEAM = 62693BZN4B;
				GENERATE_INFOPLIST_FILE = YES;
				INFOPLIST_FILE = MonthlyAppWidget/Info.plist;
				INFOPLIST_KEY_CFBundleDisplayName = MonthlyAppWidget;
				INFOPLIST_KEY_NSHumanReadableCopyright = "";
				IPHONEOS_DEPLOYMENT_TARGET = 16.0;
				LD_RUNPATH_SEARCH_PATHS = (
					"$(inherited)",
					"@executable_path/Frameworks",
					"@executable_path/../../Frameworks",
				);
				MARKETING_VERSION = 1.0;
				PRODUCT_BUNDLE_IDENTIFIER = berkaydisli.MonthlyApp.MonthlyAppWidget;
				PRODUCT_NAME = "$(TARGET_NAME)";
				SDKROOT = iphoneos;
				SKIP_INSTALL = YES;
				SWIFT_EMIT_LOC_STRINGS = YES;
				SWIFT_VERSION = 5.0;
				TARGETED_DEVICE_FAMILY = "1,2";
			};
			name = Debug;
		};
		2304114628DA0A5100793D0C /* Release */ = {
			isa = XCBuildConfiguration;
			buildSettings = {
				ASSETCATALOG_COMPILER_GLOBAL_ACCENT_COLOR_NAME = AccentColor;
				ASSETCATALOG_COMPILER_WIDGET_BACKGROUND_COLOR_NAME = WidgetBackground;
				CODE_SIGN_STYLE = Automatic;
				CURRENT_PROJECT_VERSION = 1;
				DEVELOPMENT_TEAM = 62693BZN4B;
				GENERATE_INFOPLIST_FILE = YES;
				INFOPLIST_FILE = MonthlyAppWidget/Info.plist;
				INFOPLIST_KEY_CFBundleDisplayName = MonthlyAppWidget;
				INFOPLIST_KEY_NSHumanReadableCopyright = "";
				IPHONEOS_DEPLOYMENT_TARGET = 16.0;
				LD_RUNPATH_SEARCH_PATHS = (
					"$(inherited)",
					"@executable_path/Frameworks",
					"@executable_path/../../Frameworks",
				);
				MARKETING_VERSION = 1.0;
				PRODUCT_BUNDLE_IDENTIFIER = berkaydisli.MonthlyApp.MonthlyAppWidget;
				PRODUCT_NAME = "$(TARGET_NAME)";
				SDKROOT = iphoneos;
				SKIP_INSTALL = YES;
				SWIFT_EMIT_LOC_STRINGS = YES;
				SWIFT_VERSION = 5.0;
				TARGETED_DEVICE_FAMILY = "1,2";
				VALIDATE_PRODUCT = YES;
			};
			name = Release;
		};
/* End XCBuildConfiguration section */

/* Begin XCConfigurationList section */
		2304111A28DA09C800793D0C /* Build configuration list for PBXProject "MonthlyApp" */ = {
			isa = XCConfigurationList;
			buildConfigurations = (
				2304112C28DA09C900793D0C /* Debug */,
				2304112D28DA09C900793D0C /* Release */,
			);
			defaultConfigurationIsVisible = 0;
			defaultConfigurationName = Release;
		};
		2304112E28DA09C900793D0C /* Build configuration list for PBXNativeTarget "MonthlyApp" */ = {
			isa = XCConfigurationList;
			buildConfigurations = (
				2304112F28DA09C900793D0C /* Debug */,
				2304113028DA09C900793D0C /* Release */,
			);
			defaultConfigurationIsVisible = 0;
			defaultConfigurationName = Release;
		};
		2304114428DA0A5100793D0C /* Build configuration list for PBXNativeTarget "MonthlyAppWidgetExtension" */ = {
			isa = XCConfigurationList;
			buildConfigurations = (
				2304114528DA0A5100793D0C /* Debug */,
				2304114628DA0A5100793D0C /* Release */,
			);
			defaultConfigurationIsVisible = 0;
			defaultConfigurationName = Release;
		};
/* End XCConfigurationList section */
	};
	rootObject = 2304111728DA09C800793D0C /* Project object */;
}
